
Microsoft Visual Studio Solution File, Format Version 12.00
# Visual Studio 15
VisualStudioVersion = 15.0.27703.2026
MinimumVisualStudioVersion = 10.0.40219.1
Project("{FAE04EC0-301F-11D3-BF4B-00C04F79EFBC}") = "WPFShapes", "WPFShapes\WPFShapes.csproj", "{1A5F864B-8F41-4623-8985-1F3B5D268002}"
EndProject
Project("{FAE04EC0-301F-11D3-BF4B-00C04F79EFBC}") = "HexagonLibrary", "HexagonLibrary\HexagonLibrary.csproj", "{EB31B9F9-D12F-4080-95B2-814289103BEC}"
EndProject
Project("{FAE04EC0-301F-11D3-BF4B-00C04F79EFBC}") = "Logic", "Logic\Logic.csproj", "{580D020C-9DB2-4012-877A-382907353ED0}"
EndProject
Global
	GlobalSection(SolutionConfigurationPlatforms) = preSolution
		Debug|Any CPU = Debug|Any CPU
		Release|Any CPU = Release|Any CPU
	EndGlobalSection
	GlobalSection(ProjectConfigurationPlatforms) = postSolution
		{1A5F864B-8F41-4623-8985-1F3B5D268002}.Debug|Any CPU.ActiveCfg = Debug|Any CPU
		{1A5F864B-8F41-4623-8985-1F3B5D268002}.Debug|Any CPU.Build.0 = Debug|Any CPU
		{1A5F864B-8F41-4623-8985-1F3B5D268002}.Release|Any CPU.ActiveCfg = Release|Any CPU
		{1A5F864B-8F41-4623-8985-1F3B5D268002}.Release|Any CPU.Build.0 = Release|Any CPU
		{EB31B9F9-D12F-4080-95B2-814289103BEC}.Debug|Any CPU.ActiveCfg = Debug|Any CPU
		{EB31B9F9-D12F-4080-95B2-814289103BEC}.Debug|Any CPU.Build.0 = Debug|Any CPU
		{EB31B9F9-D12F-4080-95B2-814289103BEC}.Release|Any CPU.ActiveCfg = Release|Any CPU
		{EB31B9F9-D12F-4080-95B2-814289103BEC}.Release|Any CPU.Build.0 = Release|Any CPU
		{580D020C-9DB2-4012-877A-382907353ED0}.Debug|Any CPU.ActiveCfg = Debug|Any CPU
		{580D020C-9DB2-4012-877A-382907353ED0}.Debug|Any CPU.Build.0 = Debug|Any CPU
		{580D020C-9DB2-4012-877A-382907353ED0}.Release|Any CPU.ActiveCfg = Release|Any CPU
		{580D020C-9DB2-4012-877A-382907353ED0}.Release|Any CPU.Build.0 = Release|Any CPU
	EndGlobalSection
	GlobalSection(SolutionProperties) = preSolution
		HideSolutionNode = FALSE
	EndGlobalSection
	GlobalSection(ExtensibilityGlobals) = postSolution
		SolutionGuid = {19B5C2C8-605C-42D0-8835-9256F1FE794C}
	EndGlobalSection
EndGlobal
